
Microsoft Visual Studio Solution File, Format Version 12.00
# Visual Studio Version 17
VisualStudioVersion = 17.6.33829.357
MinimumVisualStudioVersion = 10.0.40219.1
Project("{FAE04EC0-301F-11D3-BF4B-00C04F79EFBC}") = "PickACardUI", "PickACardUI.csproj", "{5B74B189-F549-44BA-A30A-043E6F685E0B}"
EndProject
Global
	GlobalSection(SolutionConfigurationPlatforms) = preSolution
		Debug|Any CPU = Debug|Any CPU
		Release|Any CPU = Release|Any CPU
	EndGlobalSection
	GlobalSection(ProjectConfigurationPlatforms) = postSolution
		{5B74B189-F549-44BA-A30A-043E6F685E0B}.Debug|Any CPU.ActiveCfg = Debug|Any CPU
		{5B74B189-F549-44BA-A30A-043E6F685E0B}.Debug|Any CPU.Build.0 = Debug|Any CPU
		{5B74B189-F549-44BA-A30A-043E6F685E0B}.Release|Any CPU.ActiveCfg = Release|Any CPU
		{5B74B189-F549-44BA-A30A-043E6F685E0B}.Release|Any CPU.Build.0 = Release|Any CPU
	EndGlobalSection
	GlobalSection(SolutionProperties) = preSolution
		HideSolutionNode = FALSE
	EndGlobalSection
	GlobalSection(ExtensibilityGlobals) = postSolution
		SolutionGuid = {3BFA7092-FC79-4784-8374-ABB9614F90F6}
	EndGlobalSection
EndGlobal
